
Microsoft Visual Studio Solution File, Format Version 11.00
# Visual Studio 2010
Project("{FAE04EC0-301F-11D3-BF4B-00C04F79EFBC}") = "BreakVeContinue", "BreakVeContinue\BreakVeContinue.csproj", "{DAD18F3E-F37A-4696-A8CD-51524F6FE1F6}"
EndProject
Global
	GlobalSection(SolutionConfigurationPlatforms) = preSolution
		Debug|x86 = Debug|x86
		Release|x86 = Release|x86
	EndGlobalSection
	GlobalSection(ProjectConfigurationPlatforms) = postSolution
		{DAD18F3E-F37A-4696-A8CD-51524F6FE1F6}.Debug|x86.ActiveCfg = Debug|x86
		{DAD18F3E-F37A-4696-A8CD-51524F6FE1F6}.Debug|x86.Build.0 = Debug|x86
		{DAD18F3E-F37A-4696-A8CD-51524F6FE1F6}.Release|x86.ActiveCfg = Release|x86
		{DAD18F3E-F37A-4696-A8CD-51524F6FE1F6}.Release|x86.Build.0 = Release|x86
	EndGlobalSection
	GlobalSection(SolutionProperties) = preSolution
		HideSolutionNode = FALSE
	EndGlobalSection
EndGlobal
